// !$*UTF8*$!
{
	archiveVersion = 1;
	classes = {
	};
	objectVersion = 56;
	objects = {

/* Begin PBXBuildFile section */
		56242DF42B0923C7004ADFD7 /* RecommendPlayListViewController.swift in Sources */ = {isa = PBXBuildFile; fileRef = 56242DF32B0923C7004ADFD7 /* RecommendPlayListViewController.swift */; };
		56242DF82B09DDB1004ADFD7 /* YoutubeVideoModel.swift in Sources */ = {isa = PBXBuildFile; fileRef = 56242DF72B09DDB1004ADFD7 /* YoutubeVideoModel.swift */; };
		56242DFA2B09DEEC004ADFD7 /* NetworkManager.swift in Sources */ = {isa = PBXBuildFile; fileRef = 56242DF92B09DEEC004ADFD7 /* NetworkManager.swift */; };
		56242DFC2B09E805004ADFD7 /* NameSpace.swift in Sources */ = {isa = PBXBuildFile; fileRef = 56242DFB2B09E805004ADFD7 /* NameSpace.swift */; };
		56242DFE2B09EB6F004ADFD7 /* RecommendVideoTableViewCell.swift in Sources */ = {isa = PBXBuildFile; fileRef = 56242DFD2B09EB6F004ADFD7 /* RecommendVideoTableViewCell.swift */; };
		56242E002B0A07D1004ADFD7 /* dummyModel.swift in Sources */ = {isa = PBXBuildFile; fileRef = 56242DFF2B0A07D1004ADFD7 /* dummyModel.swift */; };
		566E7CE42B066E1E008A875C /* AppDelegate.swift in Sources */ = {isa = PBXBuildFile; fileRef = 566E7CE32B066E1E008A875C /* AppDelegate.swift */; };
		566E7CE62B066E1E008A875C /* SceneDelegate.swift in Sources */ = {isa = PBXBuildFile; fileRef = 566E7CE52B066E1E008A875C /* SceneDelegate.swift */; };
		566E7CE82B066E1E008A875C /* ViewController.swift in Sources */ = {isa = PBXBuildFile; fileRef = 566E7CE72B066E1E008A875C /* ViewController.swift */; };
		566E7CED2B066E20008A875C /* Assets.xcassets in Resources */ = {isa = PBXBuildFile; fileRef = 566E7CEC2B066E20008A875C /* Assets.xcassets */; };
		566E7CF02B066E20008A875C /* LaunchScreen.storyboard in Resources */ = {isa = PBXBuildFile; fileRef = 566E7CEE2B066E20008A875C /* LaunchScreen.storyboard */; };
		566E7CFF2B067086008A875C /* PostImageViewController.swift in Sources */ = {isa = PBXBuildFile; fileRef = 566E7CFE2B067086008A875C /* PostImageViewController.swift */; };
		566E7D012B067097008A875C /* PostImageView.swift in Sources */ = {isa = PBXBuildFile; fileRef = 566E7D002B067097008A875C /* PostImageView.swift */; };
		566E7D062B078436008A875C /* MainPageView.swift in Sources */ = {isa = PBXBuildFile; fileRef = 566E7D052B078436008A875C /* MainPageView.swift */; };
		566E7D082B0784BD008A875C /* MainPageViewController.swift in Sources */ = {isa = PBXBuildFile; fileRef = 566E7D072B0784BD008A875C /* MainPageViewController.swift */; };
/* End PBXBuildFile section */

/* Begin PBXFileReference section */
		56242DF32B0923C7004ADFD7 /* RecommendPlayListViewController.swift */ = {isa = PBXFileReference; lastKnownFileType = sourcecode.swift; path = RecommendPlayListViewController.swift; sourceTree = "<group>"; };
		56242DF72B09DDB1004ADFD7 /* YoutubeVideoModel.swift */ = {isa = PBXFileReference; lastKnownFileType = sourcecode.swift; path = YoutubeVideoModel.swift; sourceTree = "<group>"; };
		56242DF92B09DEEC004ADFD7 /* NetworkManager.swift */ = {isa = PBXFileReference; lastKnownFileType = sourcecode.swift; path = NetworkManager.swift; sourceTree = "<group>"; };
		56242DFB2B09E805004ADFD7 /* NameSpace.swift */ = {isa = PBXFileReference; lastKnownFileType = sourcecode.swift; name = NameSpace.swift; path = ../NameSpace.swift; sourceTree = "<group>"; };
		56242DFD2B09EB6F004ADFD7 /* RecommendVideoTableViewCell.swift */ = {isa = PBXFileReference; lastKnownFileType = sourcecode.swift; path = RecommendVideoTableViewCell.swift; sourceTree = "<group>"; };
		56242DFF2B0A07D1004ADFD7 /* dummyModel.swift */ = {isa = PBXFileReference; lastKnownFileType = sourcecode.swift; path = dummyModel.swift; sourceTree = "<group>"; };
		566E7CE02B066E1E008A875C /* DearMe.app */ = {isa = PBXFileReference; explicitFileType = wrapper.application; includeInIndex = 0; path = DearMe.app; sourceTree = BUILT_PRODUCTS_DIR; };
		566E7CE32B066E1E008A875C /* AppDelegate.swift */ = {isa = PBXFileReference; lastKnownFileType = sourcecode.swift; path = AppDelegate.swift; sourceTree = "<group>"; };
		566E7CE52B066E1E008A875C /* SceneDelegate.swift */ = {isa = PBXFileReference; lastKnownFileType = sourcecode.swift; path = SceneDelegate.swift; sourceTree = "<group>"; };
		566E7CE72B066E1E008A875C /* ViewController.swift */ = {isa = PBXFileReference; lastKnownFileType = sourcecode.swift; path = ViewController.swift; sourceTree = "<group>"; };
		566E7CEC2B066E20008A875C /* Assets.xcassets */ = {isa = PBXFileReference; lastKnownFileType = folder.assetcatalog; path = Assets.xcassets; sourceTree = "<group>"; };
		566E7CEF2B066E20008A875C /* Base */ = {isa = PBXFileReference; lastKnownFileType = file.storyboard; name = Base; path = Base.lproj/LaunchScreen.storyboard; sourceTree = "<group>"; };
		566E7CF12B066E20008A875C /* Info.plist */ = {isa = PBXFileReference; lastKnownFileType = text.plist.xml; path = Info.plist; sourceTree = "<group>"; };
		566E7CFE2B067086008A875C /* PostImageViewController.swift */ = {isa = PBXFileReference; lastKnownFileType = sourcecode.swift; path = PostImageViewController.swift; sourceTree = "<group>"; };
		566E7D002B067097008A875C /* PostImageView.swift */ = {isa = PBXFileReference; lastKnownFileType = sourcecode.swift; path = PostImageView.swift; sourceTree = "<group>"; };
		566E7D052B078436008A875C /* MainPageView.swift */ = {isa = PBXFileReference; lastKnownFileType = sourcecode.swift; path = MainPageView.swift; sourceTree = "<group>"; };
		566E7D072B0784BD008A875C /* MainPageViewController.swift */ = {isa = PBXFileReference; lastKnownFileType = sourcecode.swift; path = MainPageViewController.swift; sourceTree = "<group>"; };
/* End PBXFileReference section */

/* Begin PBXFrameworksBuildPhase section */
		566E7CDD2B066E1E008A875C /* Frameworks */ = {
			isa = PBXFrameworksBuildPhase;
			buildActionMask = 2147483647;
			files = (
			);
			runOnlyForDeploymentPostprocessing = 0;
		};
/* End PBXFrameworksBuildPhase section */

/* Begin PBXGroup section */
		566E7CD72B066E1E008A875C = {
			isa = PBXGroup;
			children = (
				566E7CE22B066E1E008A875C /* DearMe */,
				566E7CE12B066E1E008A875C /* Products */,
			);
			sourceTree = "<group>";
		};
		566E7CE12B066E1E008A875C /* Products */ = {
			isa = PBXGroup;
			children = (
				566E7CE02B066E1E008A875C /* DearMe.app */,
			);
			name = Products;
			sourceTree = "<group>";
		};
		566E7CE22B066E1E008A875C /* DearMe */ = {
			isa = PBXGroup;
			children = (
				566E7CFD2B067075008A875C /* Models */,
				566E7CFC2B067071008A875C /* Views */,
				566E7CFB2B067066008A875C /* Controllers */,
				566E7CE32B066E1E008A875C /* AppDelegate.swift */,
				566E7CE52B066E1E008A875C /* SceneDelegate.swift */,
				566E7CE72B066E1E008A875C /* ViewController.swift */,
				566E7CEC2B066E20008A875C /* Assets.xcassets */,
				566E7CEE2B066E20008A875C /* LaunchScreen.storyboard */,
				566E7CF12B066E20008A875C /* Info.plist */,
			);
			path = DearMe;
			sourceTree = "<group>";
		};
		566E7CFB2B067066008A875C /* Controllers */ = {
			isa = PBXGroup;
			children = (
				566E7D072B0784BD008A875C /* MainPageViewController.swift */,
				566E7CFE2B067086008A875C /* PostImageViewController.swift */,
				56242DF32B0923C7004ADFD7 /* RecommendPlayListViewController.swift */,
			);
			path = Controllers;
			sourceTree = "<group>";
		};
		566E7CFC2B067071008A875C /* Views */ = {
			isa = PBXGroup;
			children = (
				566E7D052B078436008A875C /* MainPageView.swift */,
				566E7D002B067097008A875C /* PostImageView.swift */,
				56242DFD2B09EB6F004ADFD7 /* RecommendVideoTableViewCell.swift */,
			);
			path = Views;
			sourceTree = "<group>";
		};
		566E7CFD2B067075008A875C /* Models */ = {
			isa = PBXGroup;
			children = (
				56242DF72B09DDB1004ADFD7 /* YoutubeVideoModel.swift */,
				56242DF92B09DEEC004ADFD7 /* NetworkManager.swift */,
				56242DFB2B09E805004ADFD7 /* NameSpace.swift */,
				56242DFF2B0A07D1004ADFD7 /* dummyModel.swift */,
			);
			path = Models;
			sourceTree = "<group>";
		};
/* End PBXGroup section */

/* Begin PBXNativeTarget section */
		566E7CDF2B066E1E008A875C /* DearMe */ = {
			isa = PBXNativeTarget;
			buildConfigurationList = 566E7CF42B066E20008A875C /* Build configuration list for PBXNativeTarget "DearMe" */;
			buildPhases = (
				566E7CDC2B066E1E008A875C /* Sources */,
				566E7CDD2B066E1E008A875C /* Frameworks */,
				566E7CDE2B066E1E008A875C /* Resources */,
			);
			buildRules = (
			);
			dependencies = (
			);
			name = DearMe;
			productName = DearMe;
			productReference = 566E7CE02B066E1E008A875C /* DearMe.app */;
			productType = "com.apple.product-type.application";
		};
/* End PBXNativeTarget section */

/* Begin PBXProject section */
		566E7CD82B066E1E008A875C /* Project object */ = {
			isa = PBXProject;
			attributes = {
				BuildIndependentTargetsInParallel = 1;
				LastSwiftUpdateCheck = 1500;
				LastUpgradeCheck = 1500;
				TargetAttributes = {
					566E7CDF2B066E1E008A875C = {
						CreatedOnToolsVersion = 15.0.1;
					};
				};
			};
			buildConfigurationList = 566E7CDB2B066E1E008A875C /* Build configuration list for PBXProject "DearMe" */;
			compatibilityVersion = "Xcode 14.0";
			developmentRegion = en;
			hasScannedForEncodings = 0;
			knownRegions = (
				en,
				Base,
			);
			mainGroup = 566E7CD72B066E1E008A875C;
			productRefGroup = 566E7CE12B066E1E008A875C /* Products */;
			projectDirPath = "";
			projectRoot = "";
			targets = (
				566E7CDF2B066E1E008A875C /* DearMe */,
			);
		};
/* End PBXProject section */

/* Begin PBXResourcesBuildPhase section */
		566E7CDE2B066E1E008A875C /* Resources */ = {
			isa = PBXResourcesBuildPhase;
			buildActionMask = 2147483647;
			files = (
				566E7CF02B066E20008A875C /* LaunchScreen.storyboard in Resources */,
				566E7CED2B066E20008A875C /* Assets.xcassets in Resources */,
			);
			runOnlyForDeploymentPostprocessing = 0;
		};
/* End PBXResourcesBuildPhase section */

/* Begin PBXSourcesBuildPhase section */
		566E7CDC2B066E1E008A875C /* Sources */ = {
			isa = PBXSourcesBuildPhase;
			buildActionMask = 2147483647;
			files = (
				566E7CFF2B067086008A875C /* PostImageViewController.swift in Sources */,
				56242E002B0A07D1004ADFD7 /* dummyModel.swift in Sources */,
				566E7D082B0784BD008A875C /* MainPageViewController.swift in Sources */,
				56242DFA2B09DEEC004ADFD7 /* NetworkManager.swift in Sources */,
				566E7CE82B066E1E008A875C /* ViewController.swift in Sources */,
				56242DF42B0923C7004ADFD7 /* RecommendPlayListViewController.swift in Sources */,
				566E7D062B078436008A875C /* MainPageView.swift in Sources */,
				56242DFC2B09E805004ADFD7 /* NameSpace.swift in Sources */,
				566E7CE42B066E1E008A875C /* AppDelegate.swift in Sources */,
				56242DFE2B09EB6F004ADFD7 /* RecommendVideoTableViewCell.swift in Sources */,
				56242DF82B09DDB1004ADFD7 /* YoutubeVideoModel.swift in Sources */,
				566E7D012B067097008A875C /* PostImageView.swift in Sources */,
				566E7CE62B066E1E008A875C /* SceneDelegate.swift in Sources */,
			);
			runOnlyForDeploymentPostprocessing = 0;
		};
/* End PBXSourcesBuildPhase section */

/* Begin PBXVariantGroup section */
		566E7CEE2B066E20008A875C /* LaunchScreen.storyboard */ = {
			isa = PBXVariantGroup;
			children = (
				566E7CEF2B066E20008A875C /* Base */,
			);
			name = LaunchScreen.storyboard;
			sourceTree = "<group>";
		};
/* End PBXVariantGroup section */

/* Begin XCBuildConfiguration section */
		566E7CF22B066E20008A875C /* Debug */ = {
			isa = XCBuildConfiguration;
			buildSettings = {
				ALWAYS_SEARCH_USER_PATHS = NO;
				ASSETCATALOG_COMPILER_GENERATE_SWIFT_ASSET_SYMBOL_EXTENSIONS = YES;
				CLANG_ANALYZER_NONNULL = YES;
				CLANG_ANALYZER_NUMBER_OBJECT_CONVERSION = YES_AGGRESSIVE;
				CLANG_CXX_LANGUAGE_STANDARD = "gnu++20";
				CLANG_ENABLE_MODULES = YES;
				CLANG_ENABLE_OBJC_ARC = YES;
				CLANG_ENABLE_OBJC_WEAK = YES;
				CLANG_WARN_BLOCK_CAPTURE_AUTORELEASING = YES;
				CLANG_WARN_BOOL_CONVERSION = YES;
				CLANG_WARN_COMMA = YES;
				CLANG_WARN_CONSTANT_CONVERSION = YES;
				CLANG_WARN_DEPRECATED_OBJC_IMPLEMENTATIONS = YES;
				CLANG_WARN_DIRECT_OBJC_ISA_USAGE = YES_ERROR;
				CLANG_WARN_DOCUMENTATION_COMMENTS = YES;
				CLANG_WARN_EMPTY_BODY = YES;
				CLANG_WARN_ENUM_CONVERSION = YES;
				CLANG_WARN_INFINITE_RECURSION = YES;
				CLANG_WARN_INT_CONVERSION = YES;
				CLANG_WARN_NON_LITERAL_NULL_CONVERSION = YES;
				CLANG_WARN_OBJC_IMPLICIT_RETAIN_SELF = YES;
				CLANG_WARN_OBJC_LITERAL_CONVERSION = YES;
				CLANG_WARN_OBJC_ROOT_CLASS = YES_ERROR;
				CLANG_WARN_QUOTED_INCLUDE_IN_FRAMEWORK_HEADER = YES;
				CLANG_WARN_RANGE_LOOP_ANALYSIS = YES;
				CLANG_WARN_STRICT_PROTOTYPES = YES;
				CLANG_WARN_SUSPICIOUS_MOVE = YES;
				CLANG_WARN_UNGUARDED_AVAILABILITY = YES_AGGRESSIVE;
				CLANG_WARN_UNREACHABLE_CODE = YES;
				CLANG_WARN__DUPLICATE_METHOD_MATCH = YES;
				COPY_PHASE_STRIP = NO;
				DEBUG_INFORMATION_FORMAT = dwarf;
				ENABLE_STRICT_OBJC_MSGSEND = YES;
				ENABLE_TESTABILITY = YES;
				ENABLE_USER_SCRIPT_SANDBOXING = YES;
				GCC_C_LANGUAGE_STANDARD = gnu17;
				GCC_DYNAMIC_NO_PIC = NO;
				GCC_NO_COMMON_BLOCKS = YES;
				GCC_OPTIMIZATION_LEVEL = 0;
				GCC_PREPROCESSOR_DEFINITIONS = (
					"DEBUG=1",
					"$(inherited)",
				);
				GCC_WARN_64_TO_32_BIT_CONVERSION = YES;
				GCC_WARN_ABOUT_RETURN_TYPE = YES_ERROR;
				GCC_WARN_UNDECLARED_SELECTOR = YES;
				GCC_WARN_UNINITIALIZED_AUTOS = YES_AGGRESSIVE;
				GCC_WARN_UNUSED_FUNCTION = YES;
				GCC_WARN_UNUSED_VARIABLE = YES;
				IPHONEOS_DEPLOYMENT_TARGET = 17.0;
				LOCALIZATION_PREFERS_STRING_CATALOGS = YES;
				MTL_ENABLE_DEBUG_INFO = INCLUDE_SOURCE;
				MTL_FAST_MATH = YES;
				ONLY_ACTIVE_ARCH = YES;
				SDKROOT = iphoneos;
				SWIFT_ACTIVE_COMPILATION_CONDITIONS = "DEBUG $(inherited)";
				SWIFT_OPTIMIZATION_LEVEL = "-Onone";
			};
			name = Debug;
		};
		566E7CF32B066E20008A875C /* Release */ = {
			isa = XCBuildConfiguration;
			buildSettings = {
				ALWAYS_SEARCH_USER_PATHS = NO;
				ASSETCATALOG_COMPILER_GENERATE_SWIFT_ASSET_SYMBOL_EXTENSIONS = YES;
				CLANG_ANALYZER_NONNULL = YES;
				CLANG_ANALYZER_NUMBER_OBJECT_CONVERSION = YES_AGGRESSIVE;
				CLANG_CXX_LANGUAGE_STANDARD = "gnu++20";
				CLANG_ENABLE_MODULES = YES;
				CLANG_ENABLE_OBJC_ARC = YES;
				CLANG_ENABLE_OBJC_WEAK = YES;
				CLANG_WARN_BLOCK_CAPTURE_AUTORELEASING = YES;
				CLANG_WARN_BOOL_CONVERSION = YES;
				CLANG_WARN_COMMA = YES;
				CLANG_WARN_CONSTANT_CONVERSION = YES;
				CLANG_WARN_DEPRECATED_OBJC_IMPLEMENTATIONS = YES;
				CLANG_WARN_DIRECT_OBJC_ISA_USAGE = YES_ERROR;
				CLANG_WARN_DOCUMENTATION_COMMENTS = YES;
				CLANG_WARN_EMPTY_BODY = YES;
				CLANG_WARN_ENUM_CONVERSION = YES;
				CLANG_WARN_INFINITE_RECURSION = YES;
				CLANG_WARN_INT_CONVERSION = YES;
				CLANG_WARN_NON_LITERAL_NULL_CONVERSION = YES;
				CLANG_WARN_OBJC_IMPLICIT_RETAIN_SELF = YES;
				CLANG_WARN_OBJC_LITERAL_CONVERSION = YES;
				CLANG_WARN_OBJC_ROOT_CLASS = YES_ERROR;
				CLANG_WARN_QUOTED_INCLUDE_IN_FRAMEWORK_HEADER = YES;
				CLANG_WARN_RANGE_LOOP_ANALYSIS = YES;
				CLANG_WARN_STRICT_PROTOTYPES = YES;
				CLANG_WARN_SUSPICIOUS_MOVE = YES;
				CLANG_WARN_UNGUARDED_AVAILABILITY = YES_AGGRESSIVE;
				CLANG_WARN_UNREACHABLE_CODE = YES;
				CLANG_WARN__DUPLICATE_METHOD_MATCH = YES;
				COPY_PHASE_STRIP = NO;
				DEBUG_INFORMATION_FORMAT = "dwarf-with-dsym";
				ENABLE_NS_ASSERTIONS = NO;
				ENABLE_STRICT_OBJC_MSGSEND = YES;
				ENABLE_USER_SCRIPT_SANDBOXING = YES;
				GCC_C_LANGUAGE_STANDARD = gnu17;
				GCC_NO_COMMON_BLOCKS = YES;
				GCC_WARN_64_TO_32_BIT_CONVERSION = YES;
				GCC_WARN_ABOUT_RETURN_TYPE = YES_ERROR;
				GCC_WARN_UNDECLARED_SELECTOR = YES;
				GCC_WARN_UNINITIALIZED_AUTOS = YES_AGGRESSIVE;
				GCC_WARN_UNUSED_FUNCTION = YES;
				GCC_WARN_UNUSED_VARIABLE = YES;
				IPHONEOS_DEPLOYMENT_TARGET = 17.0;
				LOCALIZATION_PREFERS_STRING_CATALOGS = YES;
				MTL_ENABLE_DEBUG_INFO = NO;
				MTL_FAST_MATH = YES;
				SDKROOT = iphoneos;
				SWIFT_COMPILATION_MODE = wholemodule;
				VALIDATE_PRODUCT = YES;
			};
			name = Release;
		};
		566E7CF52B066E20008A875C /* Debug */ = {
			isa = XCBuildConfiguration;
			buildSettings = {
				ASSETCATALOG_COMPILER_APPICON_NAME = AppIcon;
				ASSETCATALOG_COMPILER_GLOBAL_ACCENT_COLOR_NAME = AccentColor;
				CODE_SIGN_STYLE = Automatic;
				CURRENT_PROJECT_VERSION = 1;
				DEVELOPMENT_TEAM = 5JD4YAFH7N;
				GENERATE_INFOPLIST_FILE = YES;
				INFOPLIST_FILE = DearMe/Info.plist;
				INFOPLIST_KEY_NSCameraUsageDescription = "Dear Me가 사용자의 카메라에 접근합니다.";
				INFOPLIST_KEY_NSPhotoLibraryUsageDescription = "Dear Me가 사용자의 사진 앨범에 접근합니다.";
				INFOPLIST_KEY_UIApplicationSupportsIndirectInputEvents = YES;
				INFOPLIST_KEY_UILaunchStoryboardName = LaunchScreen;
				INFOPLIST_KEY_UISupportedInterfaceOrientations_iPad = "UIInterfaceOrientationPortrait UIInterfaceOrientationPortraitUpsideDown UIInterfaceOrientationLandscapeLeft UIInterfaceOrientationLandscapeRight";
				INFOPLIST_KEY_UISupportedInterfaceOrientations_iPhone = "UIInterfaceOrientationPortrait UIInterfaceOrientationLandscapeLeft UIInterfaceOrientationLandscapeRight";
				IPHONEOS_DEPLOYMENT_TARGET = 15.0;
				LD_RUNPATH_SEARCH_PATHS = (
					"$(inherited)",
					"@executable_path/Frameworks",
				);
				MARKETING_VERSION = 1.0;
				PRODUCT_BUNDLE_IDENTIFIER = reo.com.DearMe;
				PRODUCT_NAME = "$(TARGET_NAME)";
				SWIFT_EMIT_LOC_STRINGS = YES;
				SWIFT_VERSION = 5.0;
				TARGETED_DEVICE_FAMILY = "1,2";
			};
			name = Debug;
		};
		566E7CF62B066E20008A875C /* Release */ = {
			isa = XCBuildConfiguration;
			buildSettings = {
				ASSETCATALOG_COMPILER_APPICON_NAME = AppIcon;
				ASSETCATALOG_COMPILER_GLOBAL_ACCENT_COLOR_NAME = AccentColor;
				CODE_SIGN_STYLE = Automatic;
				CURRENT_PROJECT_VERSION = 1;
				DEVELOPMENT_TEAM = 5JD4YAFH7N;
				GENERATE_INFOPLIST_FILE = YES;
				INFOPLIST_FILE = DearMe/Info.plist;
				INFOPLIST_KEY_NSCameraUsageDescription = "Dear Me가 사용자의 카메라에 접근합니다.";
				INFOPLIST_KEY_NSPhotoLibraryUsageDescription = "Dear Me가 사용자의 사진 앨범에 접근합니다.";
				INFOPLIST_KEY_UIApplicationSupportsIndirectInputEvents = YES;
				INFOPLIST_KEY_UILaunchStoryboardName = LaunchScreen;
				INFOPLIST_KEY_UISupportedInterfaceOrientations_iPad = "UIInterfaceOrientationPortrait UIInterfaceOrientationPortraitUpsideDown UIInterfaceOrientationLandscapeLeft UIInterfaceOrientationLandscapeRight";
				INFOPLIST_KEY_UISupportedInterfaceOrientations_iPhone = "UIInterfaceOrientationPortrait UIInterfaceOrientationLandscapeLeft UIInterfaceOrientationLandscapeRight";
				IPHONEOS_DEPLOYMENT_TARGET = 15.0;
				LD_RUNPATH_SEARCH_PATHS = (
					"$(inherited)",
					"@executable_path/Frameworks",
				);
				MARKETING_VERSION = 1.0;
				PRODUCT_BUNDLE_IDENTIFIER = reo.com.DearMe;
				PRODUCT_NAME = "$(TARGET_NAME)";
				SWIFT_EMIT_LOC_STRINGS = YES;
				SWIFT_VERSION = 5.0;
				TARGETED_DEVICE_FAMILY = "1,2";
			};
			name = Release;
		};
/* End XCBuildConfiguration section */

/* Begin XCConfigurationList section */
		566E7CDB2B066E1E008A875C /* Build configuration list for PBXProject "DearMe" */ = {
			isa = XCConfigurationList;
			buildConfigurations = (
				566E7CF22B066E20008A875C /* Debug */,
				566E7CF32B066E20008A875C /* Release */,
			);
			defaultConfigurationIsVisible = 0;
			defaultConfigurationName = Release;
		};
		566E7CF42B066E20008A875C /* Build configuration list for PBXNativeTarget "DearMe" */ = {
			isa = XCConfigurationList;
			buildConfigurations = (
				566E7CF52B066E20008A875C /* Debug */,
				566E7CF62B066E20008A875C /* Release */,
			);
			defaultConfigurationIsVisible = 0;
			defaultConfigurationName = Release;
		};
/* End XCConfigurationList section */
	};
	rootObject = 566E7CD82B066E1E008A875C /* Project object */;
}
